
Microsoft Visual Studio Solution File, Format Version 12.00
# Visual Studio Version 16
VisualStudioVersion = 16.0.30907.101
MinimumVisualStudioVersion = 10.0.40219.1
Project("{FAE04EC0-301F-11D3-BF4B-00C04F79EFBC}") = "Core", "Core\Core.csproj", "{A197A9EB-8432-4932-A0F3-A25349012000}"
EndProject
Project("{FAE04EC0-301F-11D3-BF4B-00C04F79EFBC}") = "Entities", "Entities\Entities.csproj", "{DDCE1CF2-1AE9-46BF-A89F-F41F27A83690}"
EndProject
Project("{FAE04EC0-301F-11D3-BF4B-00C04F79EFBC}") = "Business", "Business\Business.csproj", "{A3418800-349F-4E2B-BA26-BC6FA28A61B8}"
EndProject
Project("{FAE04EC0-301F-11D3-BF4B-00C04F79EFBC}") = "DataAccess", "DataAccess\DataAccess.csproj", "{A8EBBE4B-A4FD-48C7-A7A5-5B842E72CEF5}"
EndProject
Project("{FAE04EC0-301F-11D3-BF4B-00C04F79EFBC}") = "WebAPI", "WebAPI\WebAPI.csproj", "{04E6D0DA-C93F-4336-80F9-4B326CEBFE3C}"
EndProject
Global
	GlobalSection(SolutionConfigurationPlatforms) = preSolution
		Debug|Any CPU = Debug|Any CPU
		Release|Any CPU = Release|Any CPU
	EndGlobalSection
	GlobalSection(ProjectConfigurationPlatforms) = postSolution
		{A197A9EB-8432-4932-A0F3-A25349012000}.Debug|Any CPU.ActiveCfg = Debug|Any CPU
		{A197A9EB-8432-4932-A0F3-A25349012000}.Debug|Any CPU.Build.0 = Debug|Any CPU
		{A197A9EB-8432-4932-A0F3-A25349012000}.Release|Any CPU.ActiveCfg = Release|Any CPU
		{A197A9EB-8432-4932-A0F3-A25349012000}.Release|Any CPU.Build.0 = Release|Any CPU
		{DDCE1CF2-1AE9-46BF-A89F-F41F27A83690}.Debug|Any CPU.ActiveCfg = Debug|Any CPU
		{DDCE1CF2-1AE9-46BF-A89F-F41F27A83690}.Debug|Any CPU.Build.0 = Debug|Any CPU
		{DDCE1CF2-1AE9-46BF-A89F-F41F27A83690}.Release|Any CPU.ActiveCfg = Release|Any CPU
		{DDCE1CF2-1AE9-46BF-A89F-F41F27A83690}.Release|Any CPU.Build.0 = Release|Any CPU
		{A3418800-349F-4E2B-BA26-BC6FA28A61B8}.Debug|Any CPU.ActiveCfg = Debug|Any CPU
		{A3418800-349F-4E2B-BA26-BC6FA28A61B8}.Debug|Any CPU.Build.0 = Debug|Any CPU
		{A3418800-349F-4E2B-BA26-BC6FA28A61B8}.Release|Any CPU.ActiveCfg = Release|Any CPU
		{A3418800-349F-4E2B-BA26-BC6FA28A61B8}.Release|Any CPU.Build.0 = Release|Any CPU
		{A8EBBE4B-A4FD-48C7-A7A5-5B842E72CEF5}.Debug|Any CPU.ActiveCfg = Debug|Any CPU
		{A8EBBE4B-A4FD-48C7-A7A5-5B842E72CEF5}.Debug|Any CPU.Build.0 = Debug|Any CPU
		{A8EBBE4B-A4FD-48C7-A7A5-5B842E72CEF5}.Release|Any CPU.ActiveCfg = Release|Any CPU
		{A8EBBE4B-A4FD-48C7-A7A5-5B842E72CEF5}.Release|Any CPU.Build.0 = Release|Any CPU
		{04E6D0DA-C93F-4336-80F9-4B326CEBFE3C}.Debug|Any CPU.ActiveCfg = Debug|Any CPU
		{04E6D0DA-C93F-4336-80F9-4B326CEBFE3C}.Debug|Any CPU.Build.0 = Debug|Any CPU
		{04E6D0DA-C93F-4336-80F9-4B326CEBFE3C}.Release|Any CPU.ActiveCfg = Release|Any CPU
		{04E6D0DA-C93F-4336-80F9-4B326CEBFE3C}.Release|Any CPU.Build.0 = Release|Any CPU
	EndGlobalSection
	GlobalSection(SolutionProperties) = preSolution
		HideSolutionNode = FALSE
	EndGlobalSection
	GlobalSection(ExtensibilityGlobals) = postSolution
		SolutionGuid = {8AEB5AE8-BC18-420F-A259-B772BD2809FA}
	EndGlobalSection
EndGlobal
